
Microsoft Visual Studio Solution File, Format Version 12.00
# Visual Studio 15
VisualStudioVersion = 15.0.27703.2035
MinimumVisualStudioVersion = 10.0.40219.1
Project("{9A19103F-16F7-4668-BE54-9A1E7A4F7556}") = "StudentSystem.Web", "StudentSystem.Web\StudentSystem.Web.csproj", "{9939F268-F447-43EF-B317-B516FF54EF58}"
EndProject
Project("{FAE04EC0-301F-11D3-BF4B-00C04F79EFBC}") = "StudentSystem.Data", "StudentSystem.Data\StudentSystem.Data.csproj", "{7D846804-6F46-4E02-9FCE-49085C41701F}"
EndProject
Global
	GlobalSection(SolutionConfigurationPlatforms) = preSolution
		Debug|Any CPU = Debug|Any CPU
		Release|Any CPU = Release|Any CPU
	EndGlobalSection
	GlobalSection(ProjectConfigurationPlatforms) = postSolution
		{9939F268-F447-43EF-B317-B516FF54EF58}.Debug|Any CPU.ActiveCfg = Debug|Any CPU
		{9939F268-F447-43EF-B317-B516FF54EF58}.Debug|Any CPU.Build.0 = Debug|Any CPU
		{9939F268-F447-43EF-B317-B516FF54EF58}.Release|Any CPU.ActiveCfg = Release|Any CPU
		{9939F268-F447-43EF-B317-B516FF54EF58}.Release|Any CPU.Build.0 = Release|Any CPU
		{7D846804-6F46-4E02-9FCE-49085C41701F}.Debug|Any CPU.ActiveCfg = Debug|Any CPU
		{7D846804-6F46-4E02-9FCE-49085C41701F}.Debug|Any CPU.Build.0 = Debug|Any CPU
		{7D846804-6F46-4E02-9FCE-49085C41701F}.Release|Any CPU.ActiveCfg = Release|Any CPU
		{7D846804-6F46-4E02-9FCE-49085C41701F}.Release|Any CPU.Build.0 = Release|Any CPU
	EndGlobalSection
	GlobalSection(SolutionProperties) = preSolution
		HideSolutionNode = FALSE
	EndGlobalSection
	GlobalSection(ExtensibilityGlobals) = postSolution
		SolutionGuid = {680B47E6-2FCB-4E60-B5EA-02CFEA5C7A3C}
	EndGlobalSection
EndGlobal
